# Reproducible runtime resolved on 2026-07-12. Regenerate deliberately.
certifi==2026.6.17
charset-normalizer==3.4.9
defusedxml==0.7.1
fonttools==4.63.0
fpdf2==2.8.7
greenlet==3.5.3
idna==3.18
iniconfig==2.3.0
packaging==26.2
pillow==12.3.0
playwright==1.61.0
pluggy==1.6.0
pyee==13.0.1
Pygments==2.20.0
PyYAML==6.0.3
pytest==9.1.1
requests==2.34.2
typing_extensions==4.16.0
urllib3==2.7.0
